{
  "name": "ng-moving-letters",
  "version": "0.0.1",
  "lockfileVersion": 1,
  "requires": true,
  "dependencies": {
    "@angular/common": {
      "version": "8.2.11",
      "resolved": "https://registry.npmjs.org/@angular/common/-/common-8.2.11.tgz",
      "integrity": "sha512-AN8KKv13rVN1vwyVszZ1POvuUequ7jNC7Af/IDuxTJXKUDCI44dvjYQI0hbCicDDV+XZgjdkd4CBIiLCZRKnOQ==",
      "requires": {
        "tslib": "^1.9.0"
      }
    },
    "@angular/core": {
      "version": "8.2.11",
      "resolved": "https://registry.npmjs.org/@angular/core/-/core-8.2.11.tgz",
      "integrity": "sha512-TRfoJPcTjjiFh1dquqDc7LDI4sqD/LPCC9y2HP4r8644xJawhPJ0Ms6gWaeobCeP2k0vKsjrFmbPWeolOig/YA==",
      "requires": {
        "tslib": "^1.9.0"
      }
    },
    "animejs": {
      "version": "3.1.0",
      "resolved": "https://registry.npmjs.org/animejs/-/animejs-3.1.0.tgz",
      "integrity": "sha512-BjnCroPPQPEAngT0M89pz9TBcOGgOFLnVoq3+jV2upl4rn60k57/AXvESTnuILsNgOEjGuhMEOMp7IlQzk40kA=="
    },
    "tslib": {
      "version": "1.10.0",
      "resolved": "https://registry.npmjs.org/tslib/-/tslib-1.10.0.tgz",
      "integrity": "sha512-qOebF53frne81cf0S9B41ByenJ3/IuH8yJKngAX35CmiZySA0khhkovshKK+jGCaMnVomla7gVlIcc3EvKPbTQ=="
    }
  }
}
